// !$*UTF8*$!
{
	archiveVersion = 1;
	classes = {
	};
	objectVersion = 56;
	objects = {

/* Begin PBXBuildFile section */
		F2118D6029707656000BBD95 /* My_Poke_DexApp.swift in Sources */ = {isa = PBXBuildFile; fileRef = F2118D5F29707656000BBD95 /* My_Poke_DexApp.swift */; };
		F2118D6229707656000BBD95 /* ContentView.swift in Sources */ = {isa = PBXBuildFile; fileRef = F2118D6129707656000BBD95 /* ContentView.swift */; };
		F2118D6429707658000BBD95 /* Assets.xcassets in Resources */ = {isa = PBXBuildFile; fileRef = F2118D6329707658000BBD95 /* Assets.xcassets */; };
		F2118D6729707658000BBD95 /* Preview Assets.xcassets in Resources */ = {isa = PBXBuildFile; fileRef = F2118D6629707658000BBD95 /* Preview Assets.xcassets */; };
		F2118D7129707F65000BBD95 /* SearchView.swift in Sources */ = {isa = PBXBuildFile; fileRef = F2118D7029707F65000BBD95 /* SearchView.swift */; };
		F2118D7329707F85000BBD95 /* FavouritesView.swift in Sources */ = {isa = PBXBuildFile; fileRef = F2118D7229707F85000BBD95 /* FavouritesView.swift */; };
		F299042F29716EFB00C04AE0 /* PokemonImageSelected.swift in Sources */ = {isa = PBXBuildFile; fileRef = F299042E29716EFB00C04AE0 /* PokemonImageSelected.swift */; };
		F29904312971747C00C04AE0 /* PokemonImage.swift in Sources */ = {isa = PBXBuildFile; fileRef = F29904302971747C00C04AE0 /* PokemonImage.swift */; };
		F29904372972BA4200C04AE0 /* PokemonDetailView.swift in Sources */ = {isa = PBXBuildFile; fileRef = F29904362972BA4200C04AE0 /* PokemonDetailView.swift */; };
		F2D6027529733DB800B36A99 /* PokemonsViewModel.swift in Sources */ = {isa = PBXBuildFile; fileRef = F2D6027429733DB800B36A99 /* PokemonsViewModel.swift */; };
		F2D60277297347D900B36A99 /* Pokemon.swift in Sources */ = {isa = PBXBuildFile; fileRef = F2D60276297347D900B36A99 /* Pokemon.swift */; };
		F2D6027929734FA000B36A99 /* PokemonDetailViewModel.swift in Sources */ = {isa = PBXBuildFile; fileRef = F2D6027829734FA000B36A99 /* PokemonDetailViewModel.swift */; };
/* End PBXBuildFile section */

/* Begin PBXFileReference section */
		F2118D5C29707656000BBD95 /* My Poke Dex.app */ = {isa = PBXFileReference; explicitFileType = wrapper.application; includeInIndex = 0; path = "My Poke Dex.app"; sourceTree = BUILT_PRODUCTS_DIR; };
		F2118D5F29707656000BBD95 /* My_Poke_DexApp.swift */ = {isa = PBXFileReference; lastKnownFileType = sourcecode.swift; path = My_Poke_DexApp.swift; sourceTree = "<group>"; };
		F2118D6129707656000BBD95 /* ContentView.swift */ = {isa = PBXFileReference; lastKnownFileType = sourcecode.swift; path = ContentView.swift; sourceTree = "<group>"; };
		F2118D6329707658000BBD95 /* Assets.xcassets */ = {isa = PBXFileReference; lastKnownFileType = folder.assetcatalog; path = Assets.xcassets; sourceTree = "<group>"; };
		F2118D6629707658000BBD95 /* Preview Assets.xcassets */ = {isa = PBXFileReference; lastKnownFileType = folder.assetcatalog; path = "Preview Assets.xcassets"; sourceTree = "<group>"; };
		F2118D7029707F65000BBD95 /* SearchView.swift */ = {isa = PBXFileReference; lastKnownFileType = sourcecode.swift; path = SearchView.swift; sourceTree = "<group>"; };
		F2118D7229707F85000BBD95 /* FavouritesView.swift */ = {isa = PBXFileReference; lastKnownFileType = sourcecode.swift; path = FavouritesView.swift; sourceTree = "<group>"; };
		F299042E29716EFB00C04AE0 /* PokemonImageSelected.swift */ = {isa = PBXFileReference; lastKnownFileType = sourcecode.swift; path = PokemonImageSelected.swift; sourceTree = "<group>"; };
		F29904302971747C00C04AE0 /* PokemonImage.swift */ = {isa = PBXFileReference; lastKnownFileType = sourcecode.swift; path = PokemonImage.swift; sourceTree = "<group>"; };
		F29904362972BA4200C04AE0 /* PokemonDetailView.swift */ = {isa = PBXFileReference; lastKnownFileType = sourcecode.swift; path = PokemonDetailView.swift; sourceTree = "<group>"; };
		F2D6027429733DB800B36A99 /* PokemonsViewModel.swift */ = {isa = PBXFileReference; lastKnownFileType = sourcecode.swift; path = PokemonsViewModel.swift; sourceTree = "<group>"; };
		F2D60276297347D900B36A99 /* Pokemon.swift */ = {isa = PBXFileReference; lastKnownFileType = sourcecode.swift; path = Pokemon.swift; sourceTree = "<group>"; };
		F2D6027829734FA000B36A99 /* PokemonDetailViewModel.swift */ = {isa = PBXFileReference; lastKnownFileType = sourcecode.swift; path = PokemonDetailViewModel.swift; sourceTree = "<group>"; };
/* End PBXFileReference section */

/* Begin PBXFrameworksBuildPhase section */
		F2118D5929707656000BBD95 /* Frameworks */ = {
			isa = PBXFrameworksBuildPhase;
			buildActionMask = 2147483647;
			files = (
			);
			runOnlyForDeploymentPostprocessing = 0;
		};
/* End PBXFrameworksBuildPhase section */

/* Begin PBXGroup section */
		F2118D5329707656000BBD95 = {
			isa = PBXGroup;
			children = (
				F2118D5E29707656000BBD95 /* My Poke Dex */,
				F2118D5D29707656000BBD95 /* Products */,
			);
			sourceTree = "<group>";
		};
		F2118D5D29707656000BBD95 /* Products */ = {
			isa = PBXGroup;
			children = (
				F2118D5C29707656000BBD95 /* My Poke Dex.app */,
			);
			name = Products;
			sourceTree = "<group>";
		};
		F2118D5E29707656000BBD95 /* My Poke Dex */ = {
			isa = PBXGroup;
			children = (
				F2118D5F29707656000BBD95 /* My_Poke_DexApp.swift */,
				F2118D6D29707F29000BBD95 /* Views */,
				F2D6027329733D8D00B36A99 /* ViewModel */,
				F2118D9129708BE4000BBD95 /* Model */,
				F2118D6329707658000BBD95 /* Assets.xcassets */,
				F2118D6529707658000BBD95 /* Preview Content */,
			);
			path = "My Poke Dex";
			sourceTree = "<group>";
		};
		F2118D6529707658000BBD95 /* Preview Content */ = {
			isa = PBXGroup;
			children = (
				F2118D6629707658000BBD95 /* Preview Assets.xcassets */,
			);
			path = "Preview Content";
			sourceTree = "<group>";
		};
		F2118D6D29707F29000BBD95 /* Views */ = {
			isa = PBXGroup;
			children = (
				F2118D6129707656000BBD95 /* ContentView.swift */,
				F2118D7029707F65000BBD95 /* SearchView.swift */,
				F29904362972BA4200C04AE0 /* PokemonDetailView.swift */,
				F2118D7229707F85000BBD95 /* FavouritesView.swift */,
			);
			path = Views;
			sourceTree = "<group>";
		};
		F2118D9129708BE4000BBD95 /* Model */ = {
			isa = PBXGroup;
			children = (
				F2D60276297347D900B36A99 /* Pokemon.swift */,
				F299042E29716EFB00C04AE0 /* PokemonImageSelected.swift */,
			);
			path = Model;
			sourceTree = "<group>";
		};
		F2D6027329733D8D00B36A99 /* ViewModel */ = {
			isa = PBXGroup;
			children = (
				F29904302971747C00C04AE0 /* PokemonImage.swift */,
				F2D6027429733DB800B36A99 /* PokemonsViewModel.swift */,
				F2D6027829734FA000B36A99 /* PokemonDetailViewModel.swift */,
			);
			path = ViewModel;
			sourceTree = "<group>";
		};
/* End PBXGroup section */

/* Begin PBXNativeTarget section */
		F2118D5B29707656000BBD95 /* My Poke Dex */ = {
			isa = PBXNativeTarget;
			buildConfigurationList = F2118D6A29707658000BBD95 /* Build configuration list for PBXNativeTarget "My Poke Dex" */;
			buildPhases = (
				F2118D5829707656000BBD95 /* Sources */,
				F2118D5929707656000BBD95 /* Frameworks */,
				F2118D5A29707656000BBD95 /* Resources */,
			);
			buildRules = (
			);
			dependencies = (
			);
			name = "My Poke Dex";
			productName = "My Poke Dex";
			productReference = F2118D5C29707656000BBD95 /* My Poke Dex.app */;
			productType = "com.apple.product-type.application";
		};
/* End PBXNativeTarget section */

/* Begin PBXProject section */
		F2118D5429707656000BBD95 /* Project object */ = {
			isa = PBXProject;
			attributes = {
				BuildIndependentTargetsInParallel = 1;
				LastSwiftUpdateCheck = 1420;
				LastUpgradeCheck = 1420;
				TargetAttributes = {
					F2118D5B29707656000BBD95 = {
						CreatedOnToolsVersion = 14.2;
					};
				};
			};
			buildConfigurationList = F2118D5729707656000BBD95 /* Build configuration list for PBXProject "My Poke Dex" */;
			compatibilityVersion = "Xcode 14.0";
			developmentRegion = en;
			hasScannedForEncodings = 0;
			knownRegions = (
				en,
				Base,
			);
			mainGroup = F2118D5329707656000BBD95;
			productRefGroup = F2118D5D29707656000BBD95 /* Products */;
			projectDirPath = "";
			projectRoot = "";
			targets = (
				F2118D5B29707656000BBD95 /* My Poke Dex */,
			);
		};
/* End PBXProject section */

/* Begin PBXResourcesBuildPhase section */
		F2118D5A29707656000BBD95 /* Resources */ = {
			isa = PBXResourcesBuildPhase;
			buildActionMask = 2147483647;
			files = (
				F2118D6729707658000BBD95 /* Preview Assets.xcassets in Resources */,
				F2118D6429707658000BBD95 /* Assets.xcassets in Resources */,
			);
			runOnlyForDeploymentPostprocessing = 0;
		};
/* End PBXResourcesBuildPhase section */

/* Begin PBXSourcesBuildPhase section */
		F2118D5829707656000BBD95 /* Sources */ = {
			isa = PBXSourcesBuildPhase;
			buildActionMask = 2147483647;
			files = (
				F2118D7129707F65000BBD95 /* SearchView.swift in Sources */,
				F29904372972BA4200C04AE0 /* PokemonDetailView.swift in Sources */,
				F29904312971747C00C04AE0 /* PokemonImage.swift in Sources */,
				F2D6027929734FA000B36A99 /* PokemonDetailViewModel.swift in Sources */,
				F299042F29716EFB00C04AE0 /* PokemonImageSelected.swift in Sources */,
				F2118D7329707F85000BBD95 /* FavouritesView.swift in Sources */,
				F2D60277297347D900B36A99 /* Pokemon.swift in Sources */,
				F2D6027529733DB800B36A99 /* PokemonsViewModel.swift in Sources */,
				F2118D6229707656000BBD95 /* ContentView.swift in Sources */,
				F2118D6029707656000BBD95 /* My_Poke_DexApp.swift in Sources */,
			);
			runOnlyForDeploymentPostprocessing = 0;
		};
/* End PBXSourcesBuildPhase section */

/* Begin XCBuildConfiguration section */
		F2118D6829707658000BBD95 /* Debug */ = {
			isa = XCBuildConfiguration;
			buildSettings = {
				ALWAYS_SEARCH_USER_PATHS = NO;
				CLANG_ANALYZER_NONNULL = YES;
				CLANG_ANALYZER_NUMBER_OBJECT_CONVERSION = YES_AGGRESSIVE;
				CLANG_CXX_LANGUAGE_STANDARD = "gnu++20";
				CLANG_ENABLE_MODULES = YES;
				CLANG_ENABLE_OBJC_ARC = YES;
				CLANG_ENABLE_OBJC_WEAK = YES;
				CLANG_WARN_BLOCK_CAPTURE_AUTORELEASING = YES;
				CLANG_WARN_BOOL_CONVERSION = YES;
				CLANG_WARN_COMMA = YES;
				CLANG_WARN_CONSTANT_CONVERSION = YES;
				CLANG_WARN_DEPRECATED_OBJC_IMPLEMENTATIONS = YES;
				CLANG_WARN_DIRECT_OBJC_ISA_USAGE = YES_ERROR;
				CLANG_WARN_DOCUMENTATION_COMMENTS = YES;
				CLANG_WARN_EMPTY_BODY = YES;
				CLANG_WARN_ENUM_CONVERSION = YES;
				CLANG_WARN_INFINITE_RECURSION = YES;
				CLANG_WARN_INT_CONVERSION = YES;
				CLANG_WARN_NON_LITERAL_NULL_CONVERSION = YES;
				CLANG_WARN_OBJC_IMPLICIT_RETAIN_SELF = YES;
				CLANG_WARN_OBJC_LITERAL_CONVERSION = YES;
				CLANG_WARN_OBJC_ROOT_CLASS = YES_ERROR;
				CLANG_WARN_QUOTED_INCLUDE_IN_FRAMEWORK_HEADER = YES;
				CLANG_WARN_RANGE_LOOP_ANALYSIS = YES;
				CLANG_WARN_STRICT_PROTOTYPES = YES;
				CLANG_WARN_SUSPICIOUS_MOVE = YES;
				CLANG_WARN_UNGUARDED_AVAILABILITY = YES_AGGRESSIVE;
				CLANG_WARN_UNREACHABLE_CODE = YES;
				CLANG_WARN__DUPLICATE_METHOD_MATCH = YES;
				COPY_PHASE_STRIP = NO;
				DEBUG_INFORMATION_FORMAT = dwarf;
				ENABLE_STRICT_OBJC_MSGSEND = YES;
				ENABLE_TESTABILITY = YES;
				GCC_C_LANGUAGE_STANDARD = gnu11;
				GCC_DYNAMIC_NO_PIC = NO;
				GCC_NO_COMMON_BLOCKS = YES;
				GCC_OPTIMIZATION_LEVEL = 0;
				GCC_PREPROCESSOR_DEFINITIONS = (
					"DEBUG=1",
					"$(inherited)",
				);
				GCC_WARN_64_TO_32_BIT_CONVERSION = YES;
				GCC_WARN_ABOUT_RETURN_TYPE = YES_ERROR;
				GCC_WARN_UNDECLARED_SELECTOR = YES;
				GCC_WARN_UNINITIALIZED_AUTOS = YES_AGGRESSIVE;
				GCC_WARN_UNUSED_FUNCTION = YES;
				GCC_WARN_UNUSED_VARIABLE = YES;
				IPHONEOS_DEPLOYMENT_TARGET = 16.2;
				MTL_ENABLE_DEBUG_INFO = INCLUDE_SOURCE;
				MTL_FAST_MATH = YES;
				ONLY_ACTIVE_ARCH = YES;
				SDKROOT = iphoneos;
				SWIFT_ACTIVE_COMPILATION_CONDITIONS = DEBUG;
				SWIFT_OPTIMIZATION_LEVEL = "-Onone";
			};
			name = Debug;
		};
		F2118D6929707658000BBD95 /* Release */ = {
			isa = XCBuildConfiguration;
			buildSettings = {
				ALWAYS_SEARCH_USER_PATHS = NO;
				CLANG_ANALYZER_NONNULL = YES;
				CLANG_ANALYZER_NUMBER_OBJECT_CONVERSION = YES_AGGRESSIVE;
				CLANG_CXX_LANGUAGE_STANDARD = "gnu++20";
				CLANG_ENABLE_MODULES = YES;
				CLANG_ENABLE_OBJC_ARC = YES;
				CLANG_ENABLE_OBJC_WEAK = YES;
				CLANG_WARN_BLOCK_CAPTURE_AUTORELEASING = YES;
				CLANG_WARN_BOOL_CONVERSION = YES;
				CLANG_WARN_COMMA = YES;
				CLANG_WARN_CONSTANT_CONVERSION = YES;
				CLANG_WARN_DEPRECATED_OBJC_IMPLEMENTATIONS = YES;
				CLANG_WARN_DIRECT_OBJC_ISA_USAGE = YES_ERROR;
				CLANG_WARN_DOCUMENTATION_COMMENTS = YES;
				CLANG_WARN_EMPTY_BODY = YES;
				CLANG_WARN_ENUM_CONVERSION = YES;
				CLANG_WARN_INFINITE_RECURSION = YES;
				CLANG_WARN_INT_CONVERSION = YES;
				CLANG_WARN_NON_LITERAL_NULL_CONVERSION = YES;
				CLANG_WARN_OBJC_IMPLICIT_RETAIN_SELF = YES;
				CLANG_WARN_OBJC_LITERAL_CONVERSION = YES;
				CLANG_WARN_OBJC_ROOT_CLASS = YES_ERROR;
				CLANG_WARN_QUOTED_INCLUDE_IN_FRAMEWORK_HEADER = YES;
				CLANG_WARN_RANGE_LOOP_ANALYSIS = YES;
				CLANG_WARN_STRICT_PROTOTYPES = YES;
				CLANG_WARN_SUSPICIOUS_MOVE = YES;
				CLANG_WARN_UNGUARDED_AVAILABILITY = YES_AGGRESSIVE;
				CLANG_WARN_UNREACHABLE_CODE = YES;
				CLANG_WARN__DUPLICATE_METHOD_MATCH = YES;
				COPY_PHASE_STRIP = NO;
				DEBUG_INFORMATION_FORMAT = "dwarf-with-dsym";
				ENABLE_NS_ASSERTIONS = NO;
				ENABLE_STRICT_OBJC_MSGSEND = YES;
				GCC_C_LANGUAGE_STANDARD = gnu11;
				GCC_NO_COMMON_BLOCKS = YES;
				GCC_WARN_64_TO_32_BIT_CONVERSION = YES;
				GCC_WARN_ABOUT_RETURN_TYPE = YES_ERROR;
				GCC_WARN_UNDECLARED_SELECTOR = YES;
				GCC_WARN_UNINITIALIZED_AUTOS = YES_AGGRESSIVE;
				GCC_WARN_UNUSED_FUNCTION = YES;
				GCC_WARN_UNUSED_VARIABLE = YES;
				IPHONEOS_DEPLOYMENT_TARGET = 16.2;
				MTL_ENABLE_DEBUG_INFO = NO;
				MTL_FAST_MATH = YES;
				SDKROOT = iphoneos;
				SWIFT_COMPILATION_MODE = wholemodule;
				SWIFT_OPTIMIZATION_LEVEL = "-O";
				VALIDATE_PRODUCT = YES;
			};
			name = Release;
		};
		F2118D6B29707658000BBD95 /* Debug */ = {
			isa = XCBuildConfiguration;
			buildSettings = {
				ASSETCATALOG_COMPILER_APPICON_NAME = AppIcon;
				ASSETCATALOG_COMPILER_GLOBAL_ACCENT_COLOR_NAME = AccentColor;
				CODE_SIGN_STYLE = Automatic;
				CURRENT_PROJECT_VERSION = 1;
				DEVELOPMENT_ASSET_PATHS = "\"My Poke Dex/Preview Content\"";
				DEVELOPMENT_TEAM = 33DPD5DU8V;
				ENABLE_PREVIEWS = YES;
				GENERATE_INFOPLIST_FILE = YES;
				INFOPLIST_KEY_UIApplicationSceneManifest_Generation = YES;
				INFOPLIST_KEY_UIApplicationSupportsIndirectInputEvents = YES;
				INFOPLIST_KEY_UILaunchScreen_Generation = YES;
				INFOPLIST_KEY_UISupportedInterfaceOrientations_iPad = "UIInterfaceOrientationPortrait UIInterfaceOrientationPortraitUpsideDown UIInterfaceOrientationLandscapeLeft UIInterfaceOrientationLandscapeRight";
				INFOPLIST_KEY_UISupportedInterfaceOrientations_iPhone = "UIInterfaceOrientationPortrait UIInterfaceOrientationLandscapeLeft UIInterfaceOrientationLandscapeRight";
				LD_RUNPATH_SEARCH_PATHS = (
					"$(inherited)",
					"@executable_path/Frameworks",
				);
				MARKETING_VERSION = 1.0;
				PRODUCT_BUNDLE_IDENTIFIER = "com.dsa.My-Poke-Dex";
				PRODUCT_NAME = "$(TARGET_NAME)";
				SWIFT_EMIT_LOC_STRINGS = YES;
				SWIFT_VERSION = 5.0;
				TARGETED_DEVICE_FAMILY = "1,2";
			};
			name = Debug;
		};
		F2118D6C29707658000BBD95 /* Release */ = {
			isa = XCBuildConfiguration;
			buildSettings = {
				ASSETCATALOG_COMPILER_APPICON_NAME = AppIcon;
				ASSETCATALOG_COMPILER_GLOBAL_ACCENT_COLOR_NAME = AccentColor;
				CODE_SIGN_STYLE = Automatic;
				CURRENT_PROJECT_VERSION = 1;
				DEVELOPMENT_ASSET_PATHS = "\"My Poke Dex/Preview Content\"";
				DEVELOPMENT_TEAM = 33DPD5DU8V;
				ENABLE_PREVIEWS = YES;
				GENERATE_INFOPLIST_FILE = YES;
				INFOPLIST_KEY_UIApplicationSceneManifest_Generation = YES;
				INFOPLIST_KEY_UIApplicationSupportsIndirectInputEvents = YES;
				INFOPLIST_KEY_UILaunchScreen_Generation = YES;
				INFOPLIST_KEY_UISupportedInterfaceOrientations_iPad = "UIInterfaceOrientationPortrait UIInterfaceOrientationPortraitUpsideDown UIInterfaceOrientationLandscapeLeft UIInterfaceOrientationLandscapeRight";
				INFOPLIST_KEY_UISupportedInterfaceOrientations_iPhone = "UIInterfaceOrientationPortrait UIInterfaceOrientationLandscapeLeft UIInterfaceOrientationLandscapeRight";
				LD_RUNPATH_SEARCH_PATHS = (
					"$(inherited)",
					"@executable_path/Frameworks",
				);
				MARKETING_VERSION = 1.0;
				PRODUCT_BUNDLE_IDENTIFIER = "com.dsa.My-Poke-Dex";
				PRODUCT_NAME = "$(TARGET_NAME)";
				SWIFT_EMIT_LOC_STRINGS = YES;
				SWIFT_VERSION = 5.0;
				TARGETED_DEVICE_FAMILY = "1,2";
			};
			name = Release;
		};
/* End XCBuildConfiguration section */

/* Begin XCConfigurationList section */
		F2118D5729707656000BBD95 /* Build configuration list for PBXProject "My Poke Dex" */ = {
			isa = XCConfigurationList;
			buildConfigurations = (
				F2118D6829707658000BBD95 /* Debug */,
				F2118D6929707658000BBD95 /* Release */,
			);
			defaultConfigurationIsVisible = 0;
			defaultConfigurationName = Release;
		};
		F2118D6A29707658000BBD95 /* Build configuration list for PBXNativeTarget "My Poke Dex" */ = {
			isa = XCConfigurationList;
			buildConfigurations = (
				F2118D6B29707658000BBD95 /* Debug */,
				F2118D6C29707658000BBD95 /* Release */,
			);
			defaultConfigurationIsVisible = 0;
			defaultConfigurationName = Release;
		};
/* End XCConfigurationList section */
	};
	rootObject = F2118D5429707656000BBD95 /* Project object */;
}
